{
  "name": "korean-call-ai",
  "version": "1.0.0",
  "lockfileVersion": 3,
  "requires": true,
  "packages": {
    "": {
      "name": "korean-call-ai",
      "version": "1.0.0",
      "dependencies": {
        "@google-cloud/text-to-speech": "file:...",
        "axios": "file:...",
        "body-parser": "file:...",
        "dotenv": "file:...",
        "express": "file:...",
        "form-data": "file:...",
        "googleapis": "file:...",
        "openai": "file:...",
        "twilio": "file:..."
      }
    },
    "...": {},
    "node_modules/@google-cloud/text-to-speech": {
      "resolved": "...",
      "link": true
    },
    "node_modules/axios": {
      "resolved": "...",
      "link": true
    },
    "node_modules/body-parser": {
      "resolved": "...",
      "link": true
    },
    "node_modules/dotenv": {
      "resolved": "...",
      "link": true
    },
    "node_modules/express": {
      "resolved": "...",
      "link": true
    },
    "node_modules/form-data": {
      "resolved": "...",
      "link": true
    },
    "node_modules/googleapis": {
      "resolved": "...",
      "link": true
    },
    "node_modules/openai": {
      "resolved": "...",
      "link": true
    },
    "node_modules/twilio": {
      "resolved": "...",
      "link": true
    }
  }
}
