{
  "name": "korean-call-ai",
  "version": "1.0.0",
  "lockfileVersion": 3,
  "requires": true,
  "packages": {
    "": {
      "name": "korean-call-ai",
      "version": "1.0.0",
      "dependencies": {
        "@google-cloud/text-to-speech": "...",
        "axios": "...",
        "body-parser": "...",
        "dotenv": "...",
        "express": "...",
        "form-data": "...",
        "googleapis": "...",
        "openai": "...",
        "twilio": "..."
      }
    },
    "...": {},
    "node_modules/@google-cloud/text-to-speech": {
      "resolved": "...",
      "link": true
    },
    "node_modules/axios": {
      "resolved": "...",
      "link": true
    },
    "node_modules/body-parser": {
      "resolved": "...",
      "link": true
    },
    "node_modules/dotenv": {
      "resolved": "...",
      "link": true
    },
    "node_modules/express": {
      "resolved": "...",
      "link": true
    },
    "node_modules/form-data": {
      "resolved": "...",
      "link": true
    },
    "node_modules/googleapis": {
      "resolved": "...",
      "link": true
    },
    "node_modules/openai": {
      "resolved": "...",
      "link": true
    },
    "node_modules/twilio": {
      "resolved": "...",
      "link": true
    }
  }
}
